// !$*UTF8*$!
{
	archiveVersion = 1;
	classes = {
	};
	objectVersion = 48;
	objects = {

/* Begin PBXBuildFile section */
		CA3D5F122039E0750035ACD9 /* AppDelegate.swift in Sources */ = {isa = PBXBuildFile; fileRef = CA3D5F112039E0750035ACD9 /* AppDelegate.swift */; };
		CA3D5F142039E0750035ACD9 /* ViewController.swift in Sources */ = {isa = PBXBuildFile; fileRef = CA3D5F132039E0750035ACD9 /* ViewController.swift */; };
		CA3D5F172039E0750035ACD9 /* Main.storyboard in Resources */ = {isa = PBXBuildFile; fileRef = CA3D5F152039E0750035ACD9 /* Main.storyboard */; };
		CA3D5F192039E0750035ACD9 /* Assets.xcassets in Resources */ = {isa = PBXBuildFile; fileRef = CA3D5F182039E0750035ACD9 /* Assets.xcassets */; };
		CA3D5F1C2039E0750035ACD9 /* LaunchScreen.storyboard in Resources */ = {isa = PBXBuildFile; fileRef = CA3D5F1A2039E0750035ACD9 /* LaunchScreen.storyboard */; };
		CA3D5F272039E0760035ACD9 /* QuakeMonitorTests.swift in Sources */ = {isa = PBXBuildFile; fileRef = CA3D5F262039E0760035ACD9 /* QuakeMonitorTests.swift */; };
/* End PBXBuildFile section */

/* Begin PBXContainerItemProxy section */
		CA3D5F232039E0760035ACD9 /* PBXContainerItemProxy */ = {
			isa = PBXContainerItemProxy;
			containerPortal = CA3D5F062039E0750035ACD9 /* Project object */;
			proxyType = 1;
			remoteGlobalIDString = CA3D5F0D2039E0750035ACD9;
			remoteInfo = QuakeMonitor;
		};
/* End PBXContainerItemProxy section */

/* Begin PBXFileReference section */
		CA3D5F0E2039E0750035ACD9 /* QuakeMonitor.app */ = {isa = PBXFileReference; explicitFileType = wrapper.application; includeInIndex = 0; path = QuakeMonitor.app; sourceTree = BUILT_PRODUCTS_DIR; };
		CA3D5F112039E0750035ACD9 /* AppDelegate.swift */ = {isa = PBXFileReference; lastKnownFileType = sourcecode.swift; path = AppDelegate.swift; sourceTree = "<group>"; };
		CA3D5F132039E0750035ACD9 /* ViewController.swift */ = {isa = PBXFileReference; lastKnownFileType = sourcecode.swift; path = ViewController.swift; sourceTree = "<group>"; };
		CA3D5F162039E0750035ACD9 /* Base */ = {isa = PBXFileReference; lastKnownFileType = file.storyboard; name = Base; path = Base.lproj/Main.storyboard; sourceTree = "<group>"; };
		CA3D5F182039E0750035ACD9 /* Assets.xcassets */ = {isa = PBXFileReference; lastKnownFileType = folder.assetcatalog; path = Assets.xcassets; sourceTree = "<group>"; };
		CA3D5F1B2039E0750035ACD9 /* Base */ = {isa = PBXFileReference; lastKnownFileType = file.storyboard; name = Base; path = Base.lproj/LaunchScreen.storyboard; sourceTree = "<group>"; };
		CA3D5F1D2039E0750035ACD9 /* Info.plist */ = {isa = PBXFileReference; lastKnownFileType = text.plist.xml; path = Info.plist; sourceTree = "<group>"; };
		CA3D5F222039E0760035ACD9 /* QuakeMonitorTests.xctest */ = {isa = PBXFileReference; explicitFileType = wrapper.cfbundle; includeInIndex = 0; path = QuakeMonitorTests.xctest; sourceTree = BUILT_PRODUCTS_DIR; };
		CA3D5F262039E0760035ACD9 /* QuakeMonitorTests.swift */ = {isa = PBXFileReference; lastKnownFileType = sourcecode.swift; path = QuakeMonitorTests.swift; sourceTree = "<group>"; };
		CA3D5F282039E0760035ACD9 /* Info.plist */ = {isa = PBXFileReference; lastKnownFileType = text.plist.xml; path = Info.plist; sourceTree = "<group>"; };
/* End PBXFileReference section */

/* Begin PBXFrameworksBuildPhase section */
		CA3D5F0B2039E0750035ACD9 /* Frameworks */ = {
			isa = PBXFrameworksBuildPhase;
			buildActionMask = 2147483647;
			files = (
			);
			runOnlyForDeploymentPostprocessing = 0;
		};
		CA3D5F1F2039E0760035ACD9 /* Frameworks */ = {
			isa = PBXFrameworksBuildPhase;
			buildActionMask = 2147483647;
			files = (
			);
			runOnlyForDeploymentPostprocessing = 0;
		};
/* End PBXFrameworksBuildPhase section */

/* Begin PBXGroup section */
		CA3D5F052039E0750035ACD9 = {
			isa = PBXGroup;
			children = (
				CA3D5F102039E0750035ACD9 /* QuakeMonitor */,
				CA3D5F252039E0760035ACD9 /* QuakeMonitorTests */,
				CA3D5F0F2039E0750035ACD9 /* Products */,
			);
			sourceTree = "<group>";
		};
		CA3D5F0F2039E0750035ACD9 /* Products */ = {
			isa = PBXGroup;
			children = (
				CA3D5F0E2039E0750035ACD9 /* QuakeMonitor.app */,
				CA3D5F222039E0760035ACD9 /* QuakeMonitorTests.xctest */,
			);
			name = Products;
			sourceTree = "<group>";
		};
		CA3D5F102039E0750035ACD9 /* QuakeMonitor */ = {
			isa = PBXGroup;
			children = (
				CA3D5F112039E0750035ACD9 /* AppDelegate.swift */,
				CA3D5F132039E0750035ACD9 /* ViewController.swift */,
				CA3D5F152039E0750035ACD9 /* Main.storyboard */,
				CA3D5F182039E0750035ACD9 /* Assets.xcassets */,
				CA3D5F1A2039E0750035ACD9 /* LaunchScreen.storyboard */,
				CA3D5F1D2039E0750035ACD9 /* Info.plist */,
			);
			path = QuakeMonitor;
			sourceTree = "<group>";
		};
		CA3D5F252039E0760035ACD9 /* QuakeMonitorTests */ = {
			isa = PBXGroup;
			children = (
				CA3D5F262039E0760035ACD9 /* QuakeMonitorTests.swift */,
				CA3D5F282039E0760035ACD9 /* Info.plist */,
			);
			path = QuakeMonitorTests;
			sourceTree = "<group>";
		};
/* End PBXGroup section */

/* Begin PBXNativeTarget section */
		CA3D5F0D2039E0750035ACD9 /* QuakeMonitor */ = {
			isa = PBXNativeTarget;
			buildConfigurationList = CA3D5F2B2039E0760035ACD9 /* Build configuration list for PBXNativeTarget "QuakeMonitor" */;
			buildPhases = (
				CA3D5F0A2039E0750035ACD9 /* Sources */,
				CA3D5F0B2039E0750035ACD9 /* Frameworks */,
				CA3D5F0C2039E0750035ACD9 /* Resources */,
			);
			buildRules = (
			);
			dependencies = (
			);
			name = QuakeMonitor;
			productName = QuakeMonitor;
			productReference = CA3D5F0E2039E0750035ACD9 /* QuakeMonitor.app */;
			productType = "com.apple.product-type.application";
		};
		CA3D5F212039E0760035ACD9 /* QuakeMonitorTests */ = {
			isa = PBXNativeTarget;
			buildConfigurationList = CA3D5F2E2039E0760035ACD9 /* Build configuration list for PBXNativeTarget "QuakeMonitorTests" */;
			buildPhases = (
				CA3D5F1E2039E0760035ACD9 /* Sources */,
				CA3D5F1F2039E0760035ACD9 /* Frameworks */,
				CA3D5F202039E0760035ACD9 /* Resources */,
			);
			buildRules = (
			);
			dependencies = (
				CA3D5F242039E0760035ACD9 /* PBXTargetDependency */,
			);
			name = QuakeMonitorTests;
			productName = QuakeMonitorTests;
			productReference = CA3D5F222039E0760035ACD9 /* QuakeMonitorTests.xctest */;
			productType = "com.apple.product-type.bundle.unit-test";
		};
/* End PBXNativeTarget section */

/* Begin PBXProject section */
		CA3D5F062039E0750035ACD9 /* Project object */ = {
			isa = PBXProject;
			attributes = {
				LastSwiftUpdateCheck = 0920;
				LastUpgradeCheck = 0920;
				ORGANIZATIONNAME = "Simone Barbara";
				TargetAttributes = {
					CA3D5F0D2039E0750035ACD9 = {
						CreatedOnToolsVersion = 9.2;
						ProvisioningStyle = Automatic;
					};
					CA3D5F212039E0760035ACD9 = {
						CreatedOnToolsVersion = 9.2;
						ProvisioningStyle = Automatic;
						TestTargetID = CA3D5F0D2039E0750035ACD9;
					};
				};
			};
			buildConfigurationList = CA3D5F092039E0750035ACD9 /* Build configuration list for PBXProject "QuakeMonitor" */;
			compatibilityVersion = "Xcode 8.0";
			developmentRegion = en;
			hasScannedForEncodings = 0;
			knownRegions = (
				en,
				Base,
			);
			mainGroup = CA3D5F052039E0750035ACD9;
			productRefGroup = CA3D5F0F2039E0750035ACD9 /* Products */;
			projectDirPath = "";
			projectRoot = "";
			targets = (
				CA3D5F0D2039E0750035ACD9 /* QuakeMonitor */,
				CA3D5F212039E0760035ACD9 /* QuakeMonitorTests */,
			);
		};
/* End PBXProject section */

/* Begin PBXResourcesBuildPhase section */
		CA3D5F0C2039E0750035ACD9 /* Resources */ = {
			isa = PBXResourcesBuildPhase;
			buildActionMask = 2147483647;
			files = (
				CA3D5F1C2039E0750035ACD9 /* LaunchScreen.storyboard in Resources */,
				CA3D5F192039E0750035ACD9 /* Assets.xcassets in Resources */,
				CA3D5F172039E0750035ACD9 /* Main.storyboard in Resources */,
			);
			runOnlyForDeploymentPostprocessing = 0;
		};
		CA3D5F202039E0760035ACD9 /* Resources */ = {
			isa = PBXResourcesBuildPhase;
			buildActionMask = 2147483647;
			files = (
			);
			runOnlyForDeploymentPostprocessing = 0;
		};
/* End PBXResourcesBuildPhase section */

/* Begin PBXSourcesBuildPhase section */
		CA3D5F0A2039E0750035ACD9 /* Sources */ = {
			isa = PBXSourcesBuildPhase;
			buildActionMask = 2147483647;
			files = (
				CA3D5F142039E0750035ACD9 /* ViewController.swift in Sources */,
				CA3D5F122039E0750035ACD9 /* AppDelegate.swift in Sources */,
			);
			runOnlyForDeploymentPostprocessing = 0;
		};
		CA3D5F1E2039E0760035ACD9 /* Sources */ = {
			isa = PBXSourcesBuildPhase;
			buildActionMask = 2147483647;
			files = (
				CA3D5F272039E0760035ACD9 /* QuakeMonitorTests.swift in Sources */,
			);
			runOnlyForDeploymentPostprocessing = 0;
		};
/* End PBXSourcesBuildPhase section */

/* Begin PBXTargetDependency section */
		CA3D5F242039E0760035ACD9 /* PBXTargetDependency */ = {
			isa = PBXTargetDependency;
			target = CA3D5F0D2039E0750035ACD9 /* QuakeMonitor */;
			targetProxy = CA3D5F232039E0760035ACD9 /* PBXContainerItemProxy */;
		};
/* End PBXTargetDependency section */

/* Begin PBXVariantGroup section */
		CA3D5F152039E0750035ACD9 /* Main.storyboard */ = {
			isa = PBXVariantGroup;
			children = (
				CA3D5F162039E0750035ACD9 /* Base */,
			);
			name = Main.storyboard;
			sourceTree = "<group>";
		};
		CA3D5F1A2039E0750035ACD9 /* LaunchScreen.storyboard */ = {
			isa = PBXVariantGroup;
			children = (
				CA3D5F1B2039E0750035ACD9 /* Base */,
			);
			name = LaunchScreen.storyboard;
			sourceTree = "<group>";
		};
/* End PBXVariantGroup section */

/* Begin XCBuildConfiguration section */
		CA3D5F292039E0760035ACD9 /* Debug */ = {
			isa = XCBuildConfiguration;
			buildSettings = {
				ALWAYS_SEARCH_USER_PATHS = NO;
				CLANG_ANALYZER_NONNULL = YES;
				CLANG_ANALYZER_NUMBER_OBJECT_CONVERSION = YES_AGGRESSIVE;
				CLANG_CXX_LANGUAGE_STANDARD = "gnu++14";
				CLANG_CXX_LIBRARY = "libc++";
				CLANG_ENABLE_MODULES = YES;
				CLANG_ENABLE_OBJC_ARC = YES;
				CLANG_WARN_BLOCK_CAPTURE_AUTORELEASING = YES;
				CLANG_WARN_BOOL_CONVERSION = YES;
				CLANG_WARN_COMMA = YES;
				CLANG_WARN_CONSTANT_CONVERSION = YES;
				CLANG_WARN_DIRECT_OBJC_ISA_USAGE = YES_ERROR;
				CLANG_WARN_DOCUMENTATION_COMMENTS = YES;
				CLANG_WARN_EMPTY_BODY = YES;
				CLANG_WARN_ENUM_CONVERSION = YES;
				CLANG_WARN_INFINITE_RECURSION = YES;
				CLANG_WARN_INT_CONVERSION = YES;
				CLANG_WARN_NON_LITERAL_NULL_CONVERSION = YES;
				CLANG_WARN_OBJC_LITERAL_CONVERSION = YES;
				CLANG_WARN_OBJC_ROOT_CLASS = YES_ERROR;
				CLANG_WARN_RANGE_LOOP_ANALYSIS = YES;
				CLANG_WARN_STRICT_PROTOTYPES = YES;
				CLANG_WARN_SUSPICIOUS_MOVE = YES;
				CLANG_WARN_UNGUARDED_AVAILABILITY = YES_AGGRESSIVE;
				CLANG_WARN_UNREACHABLE_CODE = YES;
				CLANG_WARN__DUPLICATE_METHOD_MATCH = YES;
				CODE_SIGN_IDENTITY = "iPhone Developer";
				COPY_PHASE_STRIP = NO;
				DEBUG_INFORMATION_FORMAT = dwarf;
				ENABLE_STRICT_OBJC_MSGSEND = YES;
				ENABLE_TESTABILITY = YES;
				GCC_C_LANGUAGE_STANDARD = gnu11;
				GCC_DYNAMIC_NO_PIC = NO;
				GCC_NO_COMMON_BLOCKS = YES;
				GCC_OPTIMIZATION_LEVEL = 0;
				GCC_PREPROCESSOR_DEFINITIONS = (
					"DEBUG=1",
					"$(inherited)",
				);
				GCC_WARN_64_TO_32_BIT_CONVERSION = YES;
				GCC_WARN_ABOUT_RETURN_TYPE = YES_ERROR;
				GCC_WARN_UNDECLARED_SELECTOR = YES;
				GCC_WARN_UNINITIALIZED_AUTOS = YES_AGGRESSIVE;
				GCC_WARN_UNUSED_FUNCTION = YES;
				GCC_WARN_UNUSED_VARIABLE = YES;
				IPHONEOS_DEPLOYMENT_TARGET = 11.2;
				MTL_ENABLE_DEBUG_INFO = YES;
				ONLY_ACTIVE_ARCH = YES;
				SDKROOT = iphoneos;
				SWIFT_ACTIVE_COMPILATION_CONDITIONS = DEBUG;
				SWIFT_OPTIMIZATION_LEVEL = "-Onone";
			};
			name = Debug;
		};
		CA3D5F2A2039E0760035ACD9 /* Release */ = {
			isa = XCBuildConfiguration;
			buildSettings = {
				ALWAYS_SEARCH_USER_PATHS = NO;
				CLANG_ANALYZER_NONNULL = YES;
				CLANG_ANALYZER_NUMBER_OBJECT_CONVERSION = YES_AGGRESSIVE;
				CLANG_CXX_LANGUAGE_STANDARD = "gnu++14";
				CLANG_CXX_LIBRARY = "libc++";
				CLANG_ENABLE_MODULES = YES;
				CLANG_ENABLE_OBJC_ARC = YES;
				CLANG_WARN_BLOCK_CAPTURE_AUTORELEASING = YES;
				CLANG_WARN_BOOL_CONVERSION = YES;
				CLANG_WARN_COMMA = YES;
				CLANG_WARN_CONSTANT_CONVERSION = YES;
				CLANG_WARN_DIRECT_OBJC_ISA_USAGE = YES_ERROR;
				CLANG_WARN_DOCUMENTATION_COMMENTS = YES;
				CLANG_WARN_EMPTY_BODY = YES;
				CLANG_WARN_ENUM_CONVERSION = YES;
				CLANG_WARN_INFINITE_RECURSION = YES;
				CLANG_WARN_INT_CONVERSION = YES;
				CLANG_WARN_NON_LITERAL_NULL_CONVERSION = YES;
				CLANG_WARN_OBJC_LITERAL_CONVERSION = YES;
				CLANG_WARN_OBJC_ROOT_CLASS = YES_ERROR;
				CLANG_WARN_RANGE_LOOP_ANALYSIS = YES;
				CLANG_WARN_STRICT_PROTOTYPES = YES;
				CLANG_WARN_SUSPICIOUS_MOVE = YES;
				CLANG_WARN_UNGUARDED_AVAILABILITY = YES_AGGRESSIVE;
				CLANG_WARN_UNREACHABLE_CODE = YES;
				CLANG_WARN__DUPLICATE_METHOD_MATCH = YES;
				CODE_SIGN_IDENTITY = "iPhone Developer";
				COPY_PHASE_STRIP = NO;
				DEBUG_INFORMATION_FORMAT = "dwarf-with-dsym";
				ENABLE_NS_ASSERTIONS = NO;
				ENABLE_STRICT_OBJC_MSGSEND = YES;
				GCC_C_LANGUAGE_STANDARD = gnu11;
				GCC_NO_COMMON_BLOCKS = YES;
				GCC_WARN_64_TO_32_BIT_CONVERSION = YES;
				GCC_WARN_ABOUT_RETURN_TYPE = YES_ERROR;
				GCC_WARN_UNDECLARED_SELECTOR = YES;
				GCC_WARN_UNINITIALIZED_AUTOS = YES_AGGRESSIVE;
				GCC_WARN_UNUSED_FUNCTION = YES;
				GCC_WARN_UNUSED_VARIABLE = YES;
				IPHONEOS_DEPLOYMENT_TARGET = 11.2;
				MTL_ENABLE_DEBUG_INFO = NO;
				SDKROOT = iphoneos;
				SWIFT_OPTIMIZATION_LEVEL = "-Owholemodule";
				VALIDATE_PRODUCT = YES;
			};
			name = Release;
		};
		CA3D5F2C2039E0760035ACD9 /* Debug */ = {
			isa = XCBuildConfiguration;
			buildSettings = {
				ASSETCATALOG_COMPILER_APPICON_NAME = AppIcon;
				CODE_SIGN_STYLE = Automatic;
				DEVELOPMENT_TEAM = PZH5BJLYFE;
				INFOPLIST_FILE = QuakeMonitor/Info.plist;
				LD_RUNPATH_SEARCH_PATHS = "$(inherited) @executable_path/Frameworks";
				PRODUCT_BUNDLE_IDENTIFIER = com.example.simone.barbara.QuakeMonitor;
				PRODUCT_NAME = "$(TARGET_NAME)";
				SWIFT_VERSION = 4.0;
				TARGETED_DEVICE_FAMILY = "1,2";
			};
			name = Debug;
		};
		CA3D5F2D2039E0760035ACD9 /* Release */ = {
			isa = XCBuildConfiguration;
			buildSettings = {
				ASSETCATALOG_COMPILER_APPICON_NAME = AppIcon;
				CODE_SIGN_STYLE = Automatic;
				DEVELOPMENT_TEAM = PZH5BJLYFE;
				INFOPLIST_FILE = QuakeMonitor/Info.plist;
				LD_RUNPATH_SEARCH_PATHS = "$(inherited) @executable_path/Frameworks";
				PRODUCT_BUNDLE_IDENTIFIER = com.example.simone.barbara.QuakeMonitor;
				PRODUCT_NAME = "$(TARGET_NAME)";
				SWIFT_VERSION = 4.0;
				TARGETED_DEVICE_FAMILY = "1,2";
			};
			name = Release;
		};
		CA3D5F2F2039E0760035ACD9 /* Debug */ = {
			isa = XCBuildConfiguration;
			buildSettings = {
				ALWAYS_EMBED_SWIFT_STANDARD_LIBRARIES = YES;
				BUNDLE_LOADER = "$(TEST_HOST)";
				CODE_SIGN_STYLE = Automatic;
				DEVELOPMENT_TEAM = PZH5BJLYFE;
				INFOPLIST_FILE = QuakeMonitorTests/Info.plist;
				LD_RUNPATH_SEARCH_PATHS = "$(inherited) @executable_path/Frameworks @loader_path/Frameworks";
				PRODUCT_BUNDLE_IDENTIFIER = com.example.simone.barbara.QuakeMonitorTests;
				PRODUCT_NAME = "$(TARGET_NAME)";
				SWIFT_VERSION = 4.0;
				TARGETED_DEVICE_FAMILY = "1,2";
				TEST_HOST = "$(BUILT_PRODUCTS_DIR)/QuakeMonitor.app/QuakeMonitor";
			};
			name = Debug;
		};
		CA3D5F302039E0760035ACD9 /* Release */ = {
			isa = XCBuildConfiguration;
			buildSettings = {
				ALWAYS_EMBED_SWIFT_STANDARD_LIBRARIES = YES;
				BUNDLE_LOADER = "$(TEST_HOST)";
				CODE_SIGN_STYLE = Automatic;
				DEVELOPMENT_TEAM = PZH5BJLYFE;
				INFOPLIST_FILE = QuakeMonitorTests/Info.plist;
				LD_RUNPATH_SEARCH_PATHS = "$(inherited) @executable_path/Frameworks @loader_path/Frameworks";
				PRODUCT_BUNDLE_IDENTIFIER = com.example.simone.barbara.QuakeMonitorTests;
				PRODUCT_NAME = "$(TARGET_NAME)";
				SWIFT_VERSION = 4.0;
				TARGETED_DEVICE_FAMILY = "1,2";
				TEST_HOST = "$(BUILT_PRODUCTS_DIR)/QuakeMonitor.app/QuakeMonitor";
			};
			name = Release;
		};
/* End XCBuildConfiguration section */

/* Begin XCConfigurationList section */
		CA3D5F092039E0750035ACD9 /* Build configuration list for PBXProject "QuakeMonitor" */ = {
			isa = XCConfigurationList;
			buildConfigurations = (
				CA3D5F292039E0760035ACD9 /* Debug */,
				CA3D5F2A2039E0760035ACD9 /* Release */,
			);
			defaultConfigurationIsVisible = 0;
			defaultConfigurationName = Release;
		};
		CA3D5F2B2039E0760035ACD9 /* Build configuration list for PBXNativeTarget "QuakeMonitor" */ = {
			isa = XCConfigurationList;
			buildConfigurations = (
				CA3D5F2C2039E0760035ACD9 /* Debug */,
				CA3D5F2D2039E0760035ACD9 /* Release */,
			);
			defaultConfigurationIsVisible = 0;
			defaultConfigurationName = Release;
		};
		CA3D5F2E2039E0760035ACD9 /* Build configuration list for PBXNativeTarget "QuakeMonitorTests" */ = {
			isa = XCConfigurationList;
			buildConfigurations = (
				CA3D5F2F2039E0760035ACD9 /* Debug */,
				CA3D5F302039E0760035ACD9 /* Release */,
			);
			defaultConfigurationIsVisible = 0;
			defaultConfigurationName = Release;
		};
/* End XCConfigurationList section */
	};
	rootObject = CA3D5F062039E0750035ACD9 /* Project object */;
}
